
Microsoft Visual Studio Solution File, Format Version 12.00
# Visual Studio Version 17
VisualStudioVersion = 17.0.31903.59
MinimumVisualStudioVersion = 10.0.40219.1
Project("{2150E333-8FDC-42A3-9474-1A3956D46DE8}") = "src", "src", "{5112AF31-E00D-437F-B8D4-4BACFBBD2E08}"
EndProject
Project("{FAE04EC0-301F-11D3-BF4B-00C04F79EFBC}") = "FdDraft.Core", "src\FdDraft.Core\FdDraft.Core.csproj", "{BE03A7A7-5515-426B-9DAB-C60B8FCA6A59}"
EndProject
Project("{2150E333-8FDC-42A3-9474-1A3956D46DE8}") = "tools", "tools", "{188A7560-C41B-4463-9A65-C3B32F755B36}"
EndProject
Project("{FAE04EC0-301F-11D3-BF4B-00C04F79EFBC}") = "FdDraft.Cli", "tools\FdDraft.Cli\FdDraft.Cli.csproj", "{76C63E43-61B0-4F66-A9F2-FA2888491343}"
EndProject
Project("{2150E333-8FDC-42A3-9474-1A3956D46DE8}") = "tests", "tests", "{A174B4D4-5CB2-4F68-A481-D5A7B5452588}"
EndProject
Project("{FAE04EC0-301F-11D3-BF4B-00C04F79EFBC}") = "FdDraft.Tests", "tests\FdDraft.Tests\FdDraft.Tests.csproj", "{0F23916B-C3A7-4618-ABB7-42B2F9D7AF31}"
EndProject
Project("{FAE04EC0-301F-11D3-BF4B-00C04F79EFBC}") = "FdDraft.Cad", "src\FdDraft.Cad\FdDraft.Cad.csproj", "{EF54BC4C-8FBF-41B8-B890-6400C6C83E06}"
EndProject
Project("{2150E333-8FDC-42A3-9474-1A3956D46DE8}") = "external", "external", "{A288BEE0-695A-BEEA-455C-649571D89326}"
EndProject
Project("{2150E333-8FDC-42A3-9474-1A3956D46DE8}") = "ACadSharp", "ACadSharp", "{A8054078-F6BA-6636-A7F4-F17C4D3DC1A6}"
EndProject
Project("{2150E333-8FDC-42A3-9474-1A3956D46DE8}") = "src", "src", "{DD8AC678-D421-EE63-BF3E-41E420BC2F8C}"
EndProject
Project("{FAE04EC0-301F-11D3-BF4B-00C04F79EFBC}") = "ACadSharp", "external\ACadSharp\src\ACadSharp\ACadSharp.csproj", "{A1A057D5-9714-434C-8ED0-043D0393BF1A}"
EndProject
Global
	GlobalSection(SolutionConfigurationPlatforms) = preSolution
		Debug|Any CPU = Debug|Any CPU
		Debug|x64 = Debug|x64
		Debug|x86 = Debug|x86
		Release|Any CPU = Release|Any CPU
		Release|x64 = Release|x64
		Release|x86 = Release|x86
	EndGlobalSection
	GlobalSection(ProjectConfigurationPlatforms) = postSolution
		{BE03A7A7-5515-426B-9DAB-C60B8FCA6A59}.Debug|Any CPU.ActiveCfg = Debug|Any CPU
		{BE03A7A7-5515-426B-9DAB-C60B8FCA6A59}.Debug|Any CPU.Build.0 = Debug|Any CPU
		{BE03A7A7-5515-426B-9DAB-C60B8FCA6A59}.Debug|x64.ActiveCfg = Debug|Any CPU
		{BE03A7A7-5515-426B-9DAB-C60B8FCA6A59}.Debug|x64.Build.0 = Debug|Any CPU
		{BE03A7A7-5515-426B-9DAB-C60B8FCA6A59}.Debug|x86.ActiveCfg = Debug|Any CPU
		{BE03A7A7-5515-426B-9DAB-C60B8FCA6A59}.Debug|x86.Build.0 = Debug|Any CPU
		{BE03A7A7-5515-426B-9DAB-C60B8FCA6A59}.Release|Any CPU.ActiveCfg = Release|Any CPU
		{BE03A7A7-5515-426B-9DAB-C60B8FCA6A59}.Release|Any CPU.Build.0 = Release|Any CPU
		{BE03A7A7-5515-426B-9DAB-C60B8FCA6A59}.Release|x64.ActiveCfg = Release|Any CPU
		{BE03A7A7-5515-426B-9DAB-C60B8FCA6A59}.Release|x64.Build.0 = Release|Any CPU
		{BE03A7A7-5515-426B-9DAB-C60B8FCA6A59}.Release|x86.ActiveCfg = Release|Any CPU
		{BE03A7A7-5515-426B-9DAB-C60B8FCA6A59}.Release|x86.Build.0 = Release|Any CPU
		{76C63E43-61B0-4F66-A9F2-FA2888491343}.Debug|Any CPU.ActiveCfg = Debug|Any CPU
		{76C63E43-61B0-4F66-A9F2-FA2888491343}.Debug|Any CPU.Build.0 = Debug|Any CPU
		{76C63E43-61B0-4F66-A9F2-FA2888491343}.Debug|x64.ActiveCfg = Debug|Any CPU
		{76C63E43-61B0-4F66-A9F2-FA2888491343}.Debug|x64.Build.0 = Debug|Any CPU
		{76C63E43-61B0-4F66-A9F2-FA2888491343}.Debug|x86.ActiveCfg = Debug|Any CPU
		{76C63E43-61B0-4F66-A9F2-FA2888491343}.Debug|x86.Build.0 = Debug|Any CPU
		{76C63E43-61B0-4F66-A9F2-FA2888491343}.Release|Any CPU.ActiveCfg = Release|Any CPU
		{76C63E43-61B0-4F66-A9F2-FA2888491343}.Release|Any CPU.Build.0 = Release|Any CPU
		{76C63E43-61B0-4F66-A9F2-FA2888491343}.Release|x64.ActiveCfg = Release|Any CPU
		{76C63E43-61B0-4F66-A9F2-FA2888491343}.Release|x64.Build.0 = Release|Any CPU
		{76C63E43-61B0-4F66-A9F2-FA2888491343}.Release|x86.ActiveCfg = Release|Any CPU
		{76C63E43-61B0-4F66-A9F2-FA2888491343}.Release|x86.Build.0 = Release|Any CPU
		{0F23916B-C3A7-4618-ABB7-42B2F9D7AF31}.Debug|Any CPU.ActiveCfg = Debug|Any CPU
		{0F23916B-C3A7-4618-ABB7-42B2F9D7AF31}.Debug|Any CPU.Build.0 = Debug|Any CPU
		{0F23916B-C3A7-4618-ABB7-42B2F9D7AF31}.Debug|x64.ActiveCfg = Debug|Any CPU
		{0F23916B-C3A7-4618-ABB7-42B2F9D7AF31}.Debug|x64.Build.0 = Debug|Any CPU
		{0F23916B-C3A7-4618-ABB7-42B2F9D7AF31}.Debug|x86.ActiveCfg = Debug|Any CPU
		{0F23916B-C3A7-4618-ABB7-42B2F9D7AF31}.Debug|x86.Build.0 = Debug|Any CPU
		{0F23916B-C3A7-4618-ABB7-42B2F9D7AF31}.Release|Any CPU.ActiveCfg = Release|Any CPU
		{0F23916B-C3A7-4618-ABB7-42B2F9D7AF31}.Release|Any CPU.Build.0 = Release|Any CPU
		{0F23916B-C3A7-4618-ABB7-42B2F9D7AF31}.Release|x64.ActiveCfg = Release|Any CPU
		{0F23916B-C3A7-4618-ABB7-42B2F9D7AF31}.Release|x64.Build.0 = Release|Any CPU
		{0F23916B-C3A7-4618-ABB7-42B2F9D7AF31}.Release|x86.ActiveCfg = Release|Any CPU
		{0F23916B-C3A7-4618-ABB7-42B2F9D7AF31}.Release|x86.Build.0 = Release|Any CPU
		{EF54BC4C-8FBF-41B8-B890-6400C6C83E06}.Debug|Any CPU.ActiveCfg = Debug|Any CPU
		{EF54BC4C-8FBF-41B8-B890-6400C6C83E06}.Debug|Any CPU.Build.0 = Debug|Any CPU
		{EF54BC4C-8FBF-41B8-B890-6400C6C83E06}.Debug|x64.ActiveCfg = Debug|Any CPU
		{EF54BC4C-8FBF-41B8-B890-6400C6C83E06}.Debug|x64.Build.0 = Debug|Any CPU
		{EF54BC4C-8FBF-41B8-B890-6400C6C83E06}.Debug|x86.ActiveCfg = Debug|Any CPU
		{EF54BC4C-8FBF-41B8-B890-6400C6C83E06}.Debug|x86.Build.0 = Debug|Any CPU
		{EF54BC4C-8FBF-41B8-B890-6400C6C83E06}.Release|Any CPU.ActiveCfg = Release|Any CPU
		{EF54BC4C-8FBF-41B8-B890-6400C6C83E06}.Release|Any CPU.Build.0 = Release|Any CPU
		{EF54BC4C-8FBF-41B8-B890-6400C6C83E06}.Release|x64.ActiveCfg = Release|Any CPU
		{EF54BC4C-8FBF-41B8-B890-6400C6C83E06}.Release|x64.Build.0 = Release|Any CPU
		{EF54BC4C-8FBF-41B8-B890-6400C6C83E06}.Release|x86.ActiveCfg = Release|Any CPU
		{EF54BC4C-8FBF-41B8-B890-6400C6C83E06}.Release|x86.Build.0 = Release|Any CPU
		{A1A057D5-9714-434C-8ED0-043D0393BF1A}.Debug|Any CPU.ActiveCfg = Debug|Any CPU
		{A1A057D5-9714-434C-8ED0-043D0393BF1A}.Debug|Any CPU.Build.0 = Debug|Any CPU
		{A1A057D5-9714-434C-8ED0-043D0393BF1A}.Debug|x64.ActiveCfg = Debug|Any CPU
		{A1A057D5-9714-434C-8ED0-043D0393BF1A}.Debug|x64.Build.0 = Debug|Any CPU
		{A1A057D5-9714-434C-8ED0-043D0393BF1A}.Debug|x86.ActiveCfg = Debug|Any CPU
		{A1A057D5-9714-434C-8ED0-043D0393BF1A}.Debug|x86.Build.0 = Debug|Any CPU
		{A1A057D5-9714-434C-8ED0-043D0393BF1A}.Release|Any CPU.ActiveCfg = Release|Any CPU
		{A1A057D5-9714-434C-8ED0-043D0393BF1A}.Release|Any CPU.Build.0 = Release|Any CPU
		{A1A057D5-9714-434C-8ED0-043D0393BF1A}.Release|x64.ActiveCfg = Release|Any CPU
		{A1A057D5-9714-434C-8ED0-043D0393BF1A}.Release|x64.Build.0 = Release|Any CPU
		{A1A057D5-9714-434C-8ED0-043D0393BF1A}.Release|x86.ActiveCfg = Release|Any CPU
		{A1A057D5-9714-434C-8ED0-043D0393BF1A}.Release|x86.Build.0 = Release|Any CPU
	EndGlobalSection
	GlobalSection(SolutionProperties) = preSolution
		HideSolutionNode = FALSE
	EndGlobalSection
	GlobalSection(NestedProjects) = preSolution
		{BE03A7A7-5515-426B-9DAB-C60B8FCA6A59} = {5112AF31-E00D-437F-B8D4-4BACFBBD2E08}
		{76C63E43-61B0-4F66-A9F2-FA2888491343} = {188A7560-C41B-4463-9A65-C3B32F755B36}
		{0F23916B-C3A7-4618-ABB7-42B2F9D7AF31} = {A174B4D4-5CB2-4F68-A481-D5A7B5452588}
		{EF54BC4C-8FBF-41B8-B890-6400C6C83E06} = {5112AF31-E00D-437F-B8D4-4BACFBBD2E08}
		{A8054078-F6BA-6636-A7F4-F17C4D3DC1A6} = {A288BEE0-695A-BEEA-455C-649571D89326}
		{DD8AC678-D421-EE63-BF3E-41E420BC2F8C} = {A8054078-F6BA-6636-A7F4-F17C4D3DC1A6}
		{A1A057D5-9714-434C-8ED0-043D0393BF1A} = {DD8AC678-D421-EE63-BF3E-41E420BC2F8C}
	EndGlobalSection
EndGlobal
